
Microsoft Visual Studio Solution File, Format Version 12.00
Project("{FAE04EC0-301F-11D3-BF4B-00C04F79EFBC}") = "Pancake", "Pancake\Pancake.csproj", "{85F2C4E9-70FE-44FE-B2D0-9177B7D23440}"
EndProject
Project("{FAE04EC0-301F-11D3-BF4B-00C04F79EFBC}") = "PancakeLibraryTest", "PancakeLibraryTest\PancakeLibraryTest.csproj", "{89C14BD3-D771-46B2-A36E-AB2536EAAA13}"
EndProject
Global
	GlobalSection(SolutionConfigurationPlatforms) = preSolution
		Debug|Any CPU = Debug|Any CPU
		Release|Any CPU = Release|Any CPU
	EndGlobalSection
	GlobalSection(ProjectConfigurationPlatforms) = postSolution
		{85F2C4E9-70FE-44FE-B2D0-9177B7D23440}.Debug|Any CPU.ActiveCfg = Debug|Any CPU
		{85F2C4E9-70FE-44FE-B2D0-9177B7D23440}.Debug|Any CPU.Build.0 = Debug|Any CPU
		{85F2C4E9-70FE-44FE-B2D0-9177B7D23440}.Release|Any CPU.ActiveCfg = Release|Any CPU
		{85F2C4E9-70FE-44FE-B2D0-9177B7D23440}.Release|Any CPU.Build.0 = Release|Any CPU
		{89C14BD3-D771-46B2-A36E-AB2536EAAA13}.Debug|Any CPU.ActiveCfg = Debug|Any CPU
		{89C14BD3-D771-46B2-A36E-AB2536EAAA13}.Debug|Any CPU.Build.0 = Debug|Any CPU
		{89C14BD3-D771-46B2-A36E-AB2536EAAA13}.Release|Any CPU.ActiveCfg = Release|Any CPU
		{89C14BD3-D771-46B2-A36E-AB2536EAAA13}.Release|Any CPU.Build.0 = Release|Any CPU
	EndGlobalSection
EndGlobal
